<?xml version="1.0" encoding="utf-8"?>
<Project ToolsVersion="4.0" xmlns="http://schemas.microsoft.com/developer/msbuild/2003">
  <ItemGroup>
    <ClCompile Include="GameTest.cpp" />
    <ClCompile Include="stdafx.cpp" />
    <ClCompile Include="App\app.cpp">
      <Filter>NextAPI</Filter>
    </ClCompile>
    <ClCompile Include="App\main.cpp">
      <Filter>NextAPI</Filter>
    </ClCompile>
    <ClCompile Include="App\SimpleController.cpp">
      <Filter>NextAPI</Filter>
    </ClCompile>
    <ClCompile Include="App\SimpleSound.cpp">
      <Filter>NextAPI</Filter>
    </ClCompile>
    <ClCompile Include="App\SimpleSprite.cpp">
      <Filter>NextAPI</Filter>
    </ClCompile>
    <ClCompile Include="stb_image\stb_image.cpp">
      <Filter>stb_image</Filter>
    </ClCompile>
    <ClCompile Include="src\GameManager\CGameManager.cpp" />
    <ClCompile Include="src\GameManager\CGameState.cpp" />
    <ClCompile Include="src\GameManager\GameStates\CMainMenuGameState.cpp" />
    <ClCompile Include="src\GameManager\GameStates\CGameplayGameState.cpp" />
    <ClCompile Include="src\LevelManager\CLevelManager.cpp" />
    <ClCompile Include="src\LevelManager\CBaseLevel.cpp" />
    <ClCompile Include="src\Levels\CLevelOne.cpp" />
    <ClCompile Include="src\GameManager\GameStates\CLevelCompleteGameState.cpp" />
    <ClCompile Include="src\EntityManager\CEntityManager.cpp" />
    <ClCompile Include="src\EntityManager\CEntity.cpp" />
    <ClCompile Include="src\Entities\CGameObject.cpp" />
    <ClCompile Include="src\Timer\CTimer.cpp" />
    <ClCompile Include="src\Player\CPlayer.cpp" />
    <ClCompile Include="App\DataClasses.cpp" />
    <ClCompile Include="src\TimerEvents\CTimerEventsHandler.cpp" />
    <ClCompile Include="src\TimerEvents\CTimerEvents.cpp" />
    <ClCompile Include="src\Physics\CPhysicsShape.cpp" />
    <ClCompile Include="src\Physics\CPhysicsBaseShape.cpp" />
    <ClCompile Include="src\Physics\Shapes\CPhysicsShapeBox.cpp" />
    <ClCompile Include="src\Physics\Physics_Utils.cpp" />
    <ClCompile Include="src\Physics\Shapes\CPhysicsShapeCircle.cpp" />
    <ClCompile Include="src\Physics\Shapes\CPhysicsShapeLine.cpp" />
    <ClCompile Include="src\Events\Events.cpp" />
    <ClCompile Include="src\World\CWorld.cpp" />
    <ClCompile Include="src\Player\CPlayerManager.cpp" />
    <ClCompile Include="src\Environment\Wall\CWall.cpp" />
    <ClCompile Include="src\Entities\CGameplayManager.cpp" />
    <ClCompile Include="src\Tween\CTweenManager.cpp" />
    <ClCompile Include="src\Tween\CBaseTween.cpp" />
    <ClCompile Include="src\Tween\CFloatTween.cpp" />
    <ClCompile Include="src\Player\Arc\CParabolicArc.cpp" />
    <ClCompile Include="src\Projectile\CBaseProjectile.cpp" />
    <ClCompile Include="src\Projectile\CProjectileFactory.cpp" />
    <ClCompile Include="src\Projectile\Projectiles\CNormalProjectile.cpp" />
    <ClCompile Include="src\Environment\Ground\CGround.cpp" />
    <ClCompile Include="src\Environment\WindUI\CWindHUD.cpp" />
    <ClCompile Include="src\Player\UI\CPlayerHUD.cpp" />
    <ClCompile Include="src\Player\UI\CPlayerHealthIcon.cpp" />
    <ClCompile Include="src\Player\Arc\CArcRenderer.cpp" />
    <ClCompile Include="src\Player\Arc\CArcDot.cpp" />
    <ClCompile Include="src\Player\PowerUps\CBasePowerUp.cpp" />
    <ClCompile Include="src\Player\PowerUps\Types\CMegaMagnify.cpp" />
    <ClCompile Include="src\Player\PowerUps\Types\CExplosiveImpact.cpp" />
    <ClCompile Include="src\Player\PowerUps\Types\CDamageAmplifier.cpp" />
    <ClCompile Include="src\Projectile\Projectiles\CDamageAmplifierProjectile.cpp" />
    <ClCompile Include="src\Projectile\Projectiles\CExplosiveImpactProjectile.cpp" />
    <ClCompile Include="src\Player\UI\CPowerUpUI.cpp" />
  </ItemGroup>
  <ItemGroup>
    <ClInclude Include="stdafx.h" />
    <ClInclude Include="App\app.h">
      <Filter>NextAPI</Filter>
    </ClInclude>
    <ClInclude Include="App\AppSettings.h">
      <Filter>NextAPI</Filter>
    </ClInclude>
    <ClInclude Include="App\main.h">
      <Filter>NextAPI</Filter>
    </ClInclude>
    <ClInclude Include="App\SimpleController.h">
      <Filter>NextAPI</Filter>
    </ClInclude>
    <ClInclude Include="App\SimpleSound.h">
      <Filter>NextAPI</Filter>
    </ClInclude>
    <ClInclude Include="App\SimpleSprite.h">
      <Filter>NextAPI</Filter>
    </ClInclude>
    <ClInclude Include="targetver.h">
      <Filter>NextAPI</Filter>
    </ClInclude>
    <ClInclude Include="stb_image\stb_image.h">
      <Filter>stb_image</Filter>
    </ClInclude>
    <ClInclude Include="src\GameManager\CGameManager.h" />
    <ClInclude Include="src\GameManager\CGameState.h" />
    <ClInclude Include="src\GameManager\EGameState.h" />
    <ClInclude Include="src\GameManager\GameStates\CMainMenuGameState.h" />
    <ClInclude Include="src\GameManager\GameStates\CGameplayGameState.h" />
    <ClInclude Include="src\LevelManager\CLevelManager.h" />
    <ClInclude Include="src\LevelManager\CBaseLevel.h" />
    <ClInclude Include="src\Levels\CLevelOne.h" />
    <ClInclude Include="src\GameManager\GameStates\CLevelCompleteGameState.h" />
    <ClInclude Include="src\EntityManager\CEntityManager.h" />
    <ClInclude Include="src\EntityManager\CEntity.h" />
    <ClInclude Include="src\Entities\CGameObject.h" />
    <ClInclude Include="src\Timer\CTimer.h" />
    <ClInclude Include="src\Player\CPlayer.h" />
    <ClInclude Include="App\DataClasses.h" />
    <ClInclude Include="src\ObjectPooling\ObjectPool.h" />
    <ClInclude Include="src\TimerEvents\CTimerEventsHandler.h" />
    <ClInclude Include="src\TimerEvents\CTimerEvents.h" />
    <ClInclude Include="src\Physics\CPhysicsShape.h" />
    <ClInclude Include="src\Physics\CPhysicsBaseShape.h" />
    <ClInclude Include="src\Physics\Shapes\CPhysicsShapeBox.h" />
    <ClInclude Include="src\Physics\Physics_Utils.h" />
    <ClInclude Include="src\Physics\Shapes\CPhysicsShapeCircle.h" />
    <ClInclude Include="src\Physics\Shapes\CPhysicsShapeLine.h" />
    <ClInclude Include="src\Events\Events.h" />
    <ClInclude Include="src\World\CWorld.h" />
    <ClInclude Include="src\Player\CPlayerManager.h" />
    <ClInclude Include="src\Environment\Wall\CWall.h" />
    <ClInclude Include="src\Entities\CGameplayManager.h" />
    <ClInclude Include="src\Tween\CTweenManager.h" />
    <ClInclude Include="src\Tween\CBaseTween.h" />
    <ClInclude Include="src\Tween\CFloatTween.h" />
    <ClInclude Include="src\Utilities\EasingHelper.h" />
    <ClInclude Include="src\Utilities\Lerp.h" />
    <ClInclude Include="src\Utilities\Random.h" />
    <ClInclude Include="src\Utilities\Remap.h" />
    <ClInclude Include="src\Player\Arc\CParabolicArc.h" />
    <ClInclude Include="src\Projectile\CBaseProjectile.h" />
    <ClInclude Include="src\Projectile\CProjectileFactory.h" />
    <ClInclude Include="src\Projectile\Projectiles\CNormalProjectile.h" />
    <ClInclude Include="src\Environment\Ground\CGround.h" />
    <ClInclude Include="src\Environment\WindUI\CWindHUD.h" />
    <ClInclude Include="src\Player\UI\CPlayerHUD.h" />
    <ClInclude Include="src\Player\UI\CPlayerHealthIcon.h" />
    <ClInclude Include="src\Player\Arc\CArcRenderer.h" />
    <ClInclude Include="src\Player\Arc\CArcDot.h" />
    <ClInclude Include="src\Player\PowerUps\CBasePowerUp.h" />
    <ClInclude Include="src\Player\PowerUps\Types\CMegaMagnify.h" />
    <ClInclude Include="src\Player\PowerUps\Types\CExplosiveImpact.h" />
    <ClInclude Include="src\Player\PowerUps\Types\CDamageAmplifier.h" />
    <ClInclude Include="src\Player\PowerUps\EPowerUp.h" />
    <ClInclude Include="src\Projectile\Projectiles\CDamageAmplifierProjectile.h" />
    <ClInclude Include="src\Projectile\Projectiles\CExplosiveImpactProjectile.h" />
    <ClInclude Include="src\Player\UI\CPowerUpUI.h" />
  </ItemGroup>
  <ItemGroup>
    <Filter Include="NextAPI">
      <UniqueIdentifier>{f318918d-bb9f-4402-ae1c-4f72186d16f6}</UniqueIdentifier>
    </Filter>
    <Filter Include="stb_image">
      <UniqueIdentifier>{61cfc19b-c57e-4021-b530-bac172fcba86}</UniqueIdentifier>
    </Filter>
  </ItemGroup>
  <ItemGroup>
    <Text Include="ReadMe.txt">
      <Filter>NextAPI</Filter>
    </Text>
  </ItemGroup>
</Project>